// !$*UTF8*$!
{
	archiveVersion = 1;
	classes = {
	};
	objectVersion = 48;
	objects = {

/* Begin PBXBuildFile section */
		2BB2AD6F20193318004565D4 /* AppDelegate.swift in Sources */ = {isa = PBXBuildFile; fileRef = 2BB2AD6E20193318004565D4 /* AppDelegate.swift */; };
		2BB2AD7120193318004565D4 /* ViewController.swift in Sources */ = {isa = PBXBuildFile; fileRef = 2BB2AD7020193318004565D4 /* ViewController.swift */; };
		2BB2AD7420193318004565D4 /* Main.storyboard in Resources */ = {isa = PBXBuildFile; fileRef = 2BB2AD7220193318004565D4 /* Main.storyboard */; };
		2BB2AD7620193318004565D4 /* Assets.xcassets in Resources */ = {isa = PBXBuildFile; fileRef = 2BB2AD7520193318004565D4 /* Assets.xcassets */; };
		2BB2AD7920193318004565D4 /* LaunchScreen.storyboard in Resources */ = {isa = PBXBuildFile; fileRef = 2BB2AD7720193318004565D4 /* LaunchScreen.storyboard */; };
		2BB2AD8420193318004565D4 /* TowerVilleTests.swift in Sources */ = {isa = PBXBuildFile; fileRef = 2BB2AD8320193318004565D4 /* TowerVilleTests.swift */; };
		2BB2AD8F20193318004565D4 /* TowerVilleUITests.swift in Sources */ = {isa = PBXBuildFile; fileRef = 2BB2AD8E20193318004565D4 /* TowerVilleUITests.swift */; };
		2BEBE632201938F4008E8FEB /* GameObject.swift in Sources */ = {isa = PBXBuildFile; fileRef = 2BEBE631201938F4008E8FEB /* GameObject.swift */; };
		2BEBE63620193A5B008E8FEB /* GameManager.swift in Sources */ = {isa = PBXBuildFile; fileRef = 2BEBE63520193A5B008E8FEB /* GameManager.swift */; };
		2BEBE63820193B41008E8FEB /* InputManager.swift in Sources */ = {isa = PBXBuildFile; fileRef = 2BEBE63720193B41008E8FEB /* InputManager.swift */; };
		2BEBE63A20193B5E008E8FEB /* Transform.swift in Sources */ = {isa = PBXBuildFile; fileRef = 2BEBE63920193B5E008E8FEB /* Transform.swift */; };
		2BEBE63C20193E16008E8FEB /* MinionSpawner.swift in Sources */ = {isa = PBXBuildFile; fileRef = 2BEBE63B20193E16008E8FEB /* MinionSpawner.swift */; };
		2BEBE63E20193E53008E8FEB /* Tower.swift in Sources */ = {isa = PBXBuildFile; fileRef = 2BEBE63D20193E53008E8FEB /* Tower.swift */; };
		2BEBE64020193E68008E8FEB /* VisualObject.swift in Sources */ = {isa = PBXBuildFile; fileRef = 2BEBE63F20193E68008E8FEB /* VisualObject.swift */; };
		2BEBE64220193E96008E8FEB /* RenderObject.swift in Sources */ = {isa = PBXBuildFile; fileRef = 2BEBE64120193E96008E8FEB /* RenderObject.swift */; };
		2BEBE64420193F0A008E8FEB /* Tile.swift in Sources */ = {isa = PBXBuildFile; fileRef = 2BEBE64320193F0A008E8FEB /* Tile.swift */; };
		2BEBE64620193F1D008E8FEB /* Map.swift in Sources */ = {isa = PBXBuildFile; fileRef = 2BEBE64520193F1D008E8FEB /* Map.swift */; };
		2BEBE64820193FF5008E8FEB /* Material.swift in Sources */ = {isa = PBXBuildFile; fileRef = 2BEBE64720193FF5008E8FEB /* Material.swift */; };
		2BEBE64C20194134008E8FEB /* Farm.swift in Sources */ = {isa = PBXBuildFile; fileRef = 2BEBE64B20194134008E8FEB /* Farm.swift */; };
		2BEBE64E2019413F008E8FEB /* LambertMaterial.swift in Sources */ = {isa = PBXBuildFile; fileRef = 2BEBE64D2019413F008E8FEB /* LambertMaterial.swift */; };
		2BEBE6502019415A008E8FEB /* Vertex.swift in Sources */ = {isa = PBXBuildFile; fileRef = 2BEBE64F2019415A008E8FEB /* Vertex.swift */; };
		2BEBE6522019416C008E8FEB /* Color.swift in Sources */ = {isa = PBXBuildFile; fileRef = 2BEBE6512019416C008E8FEB /* Color.swift */; };
		2BEBE657201942F4008E8FEB /* ExplodeTower.swift in Sources */ = {isa = PBXBuildFile; fileRef = 2BEBE656201942F4008E8FEB /* ExplodeTower.swift */; };
		2BEBE65920194304008E8FEB /* CannonTower.swift in Sources */ = {isa = PBXBuildFile; fileRef = 2BEBE65820194304008E8FEB /* CannonTower.swift */; };
		2BEBE65B20194313008E8FEB /* SlowTower.swift in Sources */ = {isa = PBXBuildFile; fileRef = 2BEBE65A20194313008E8FEB /* SlowTower.swift */; };
		2BEBE65D2019431F008E8FEB /* LaserTower.swift in Sources */ = {isa = PBXBuildFile; fileRef = 2BEBE65C2019431F008E8FEB /* LaserTower.swift */; };
		2BEBE6602019433E008E8FEB /* Minion.swift in Sources */ = {isa = PBXBuildFile; fileRef = 2BEBE65F2019433E008E8FEB /* Minion.swift */; };
		2BEBE6622019436D008E8FEB /* NonAggro.swift in Sources */ = {isa = PBXBuildFile; fileRef = 2BEBE6612019436D008E8FEB /* NonAggro.swift */; };
		2BEBE66420194382008E8FEB /* Aggro.swift in Sources */ = {isa = PBXBuildFile; fileRef = 2BEBE66320194382008E8FEB /* Aggro.swift */; };
		2BEBE667201943B1008E8FEB /* Mine.swift in Sources */ = {isa = PBXBuildFile; fileRef = 2BEBE666201943B1008E8FEB /* Mine.swift */; };
		2BEBE669201943BE008E8FEB /* SawMill.swift in Sources */ = {isa = PBXBuildFile; fileRef = 2BEBE668201943BE008E8FEB /* SawMill.swift */; };
		3C01A279202262CE00BB0D7C /* StateMachine.swift in Sources */ = {isa = PBXBuildFile; fileRef = 3C01A273202262CD00BB0D7C /* StateMachine.swift */; };
		3C01A27A202262CE00BB0D7C /* IntroState.swift in Sources */ = {isa = PBXBuildFile; fileRef = 3C01A275202262CD00BB0D7C /* IntroState.swift */; };
		3C01A27B202262CE00BB0D7C /* PlayState.swift in Sources */ = {isa = PBXBuildFile; fileRef = 3C01A278202262CE00BB0D7C /* PlayState.swift */; };
		3C01A27D202267D800BB0D7C /* Stack.swift in Sources */ = {isa = PBXBuildFile; fileRef = 3C01A27C202267D800BB0D7C /* Stack.swift */; };
		3C01A27E20226BE200BB0D7C /* State.swift in Sources */ = {isa = PBXBuildFile; fileRef = 3C01A274202262CD00BB0D7C /* State.swift */; };
		DE3A3B9A20356B1D002E34FB /* CubePrefab.swift in Sources */ = {isa = PBXBuildFile; fileRef = DE3A3B9920356B1D002E34FB /* CubePrefab.swift */; };
		DE5977EE20324E3000E52927 /* LambertVertexShader.glsl in Resources */ = {isa = PBXBuildFile; fileRef = DE5977EC20324E3000E52927 /* LambertVertexShader.glsl */; };
		DE5977EF20324E3000E52927 /* LambertFragmentShader.glsl in Resources */ = {isa = PBXBuildFile; fileRef = DE5977ED20324E3000E52927 /* LambertFragmentShader.glsl */; };
		DE5B930E20195424001B9D83 /* SimpleFragmentShader.glsl in Resources */ = {isa = PBXBuildFile; fileRef = DE5B930D20195424001B9D83 /* SimpleFragmentShader.glsl */; };
		DE5B93102019558B001B9D83 /* ShaderProgram.swift in Sources */ = {isa = PBXBuildFile; fileRef = DE5B930F2019558B001B9D83 /* ShaderProgram.swift */; };
		DEB2DA15201BD9810088797D /* GlkExtensions.swift in Sources */ = {isa = PBXBuildFile; fileRef = DEB2DA14201BD9810088797D /* GlkExtensions.swift */; };
		DEC217B82034F05900F11022 /* VertexData.swift in Sources */ = {isa = PBXBuildFile; fileRef = DEC217B72034F05900F11022 /* VertexData.swift */; };
		DEC217BB2035321400F11022 /* PhongFragmentShader.glsl in Resources */ = {isa = PBXBuildFile; fileRef = DEC217B92035321400F11022 /* PhongFragmentShader.glsl */; };
		DEC217BC2035321400F11022 /* PhongVertexShader.glsl in Resources */ = {isa = PBXBuildFile; fileRef = DEC217BA2035321400F11022 /* PhongVertexShader.glsl */; };
		DEC217BE2035335A00F11022 /* DebugData.swift in Sources */ = {isa = PBXBuildFile; fileRef = DEC217BD2035335A00F11022 /* DebugData.swift */; };
		DEC217C02035347E00F11022 /* PhongMaterial.swift in Sources */ = {isa = PBXBuildFile; fileRef = DEC217BF2035347E00F11022 /* PhongMaterial.swift */; };
		DEC217C22035412100F11022 /* dungeon_01.png in Resources */ = {isa = PBXBuildFile; fileRef = DEC217C12035412000F11022 /* dungeon_01.png */; };
		DEC217C52035434600F11022 /* Rendering Instructions.rtf in Resources */ = {isa = PBXBuildFile; fileRef = DEC217C42035434600F11022 /* Rendering Instructions.rtf */; };
		DEE4473B2019530E009044FB /* SimpleVertexShader.glsl in Resources */ = {isa = PBXBuildFile; fileRef = DEE4473A2019530E009044FB /* SimpleVertexShader.glsl */; };
/* End PBXBuildFile section */

/* Begin PBXContainerItemProxy section */
		2BB2AD8020193318004565D4 /* PBXContainerItemProxy */ = {
			isa = PBXContainerItemProxy;
			containerPortal = 2BB2AD6320193318004565D4 /* Project object */;
			proxyType = 1;
			remoteGlobalIDString = 2BB2AD6A20193318004565D4;
			remoteInfo = TowerVille;
		};
		2BB2AD8B20193318004565D4 /* PBXContainerItemProxy */ = {
			isa = PBXContainerItemProxy;
			containerPortal = 2BB2AD6320193318004565D4 /* Project object */;
			proxyType = 1;
			remoteGlobalIDString = 2BB2AD6A20193318004565D4;
			remoteInfo = TowerVille;
		};
/* End PBXContainerItemProxy section */

/* Begin PBXFileReference section */
		2BB2AD6B20193318004565D4 /* TowerVille.app */ = {isa = PBXFileReference; explicitFileType = wrapper.application; includeInIndex = 0; path = TowerVille.app; sourceTree = BUILT_PRODUCTS_DIR; };
		2BB2AD6E20193318004565D4 /* AppDelegate.swift */ = {isa = PBXFileReference; lastKnownFileType = sourcecode.swift; path = AppDelegate.swift; sourceTree = "<group>"; };
		2BB2AD7020193318004565D4 /* ViewController.swift */ = {isa = PBXFileReference; lastKnownFileType = sourcecode.swift; path = ViewController.swift; sourceTree = "<group>"; };
		2BB2AD7320193318004565D4 /* Base */ = {isa = PBXFileReference; lastKnownFileType = file.storyboard; name = Base; path = Base.lproj/Main.storyboard; sourceTree = "<group>"; };
		2BB2AD7520193318004565D4 /* Assets.xcassets */ = {isa = PBXFileReference; lastKnownFileType = folder.assetcatalog; path = Assets.xcassets; sourceTree = "<group>"; };
		2BB2AD7820193318004565D4 /* Base */ = {isa = PBXFileReference; lastKnownFileType = file.storyboard; name = Base; path = Base.lproj/LaunchScreen.storyboard; sourceTree = "<group>"; };
		2BB2AD7A20193318004565D4 /* Info.plist */ = {isa = PBXFileReference; lastKnownFileType = text.plist.xml; path = Info.plist; sourceTree = "<group>"; };
		2BB2AD7F20193318004565D4 /* TowerVilleTests.xctest */ = {isa = PBXFileReference; explicitFileType = wrapper.cfbundle; includeInIndex = 0; path = TowerVilleTests.xctest; sourceTree = BUILT_PRODUCTS_DIR; };
		2BB2AD8320193318004565D4 /* TowerVilleTests.swift */ = {isa = PBXFileReference; lastKnownFileType = sourcecode.swift; path = TowerVilleTests.swift; sourceTree = "<group>"; };
		2BB2AD8520193318004565D4 /* Info.plist */ = {isa = PBXFileReference; lastKnownFileType = text.plist.xml; path = Info.plist; sourceTree = "<group>"; };
		2BB2AD8A20193318004565D4 /* TowerVilleUITests.xctest */ = {isa = PBXFileReference; explicitFileType = wrapper.cfbundle; includeInIndex = 0; path = TowerVilleUITests.xctest; sourceTree = BUILT_PRODUCTS_DIR; };
		2BB2AD8E20193318004565D4 /* TowerVilleUITests.swift */ = {isa = PBXFileReference; lastKnownFileType = sourcecode.swift; path = TowerVilleUITests.swift; sourceTree = "<group>"; };
		2BB2AD9020193318004565D4 /* Info.plist */ = {isa = PBXFileReference; lastKnownFileType = text.plist.xml; path = Info.plist; sourceTree = "<group>"; };
		2BEBE631201938F4008E8FEB /* GameObject.swift */ = {isa = PBXFileReference; lastKnownFileType = sourcecode.swift; path = GameObject.swift; sourceTree = "<group>"; };
		2BEBE63520193A5B008E8FEB /* GameManager.swift */ = {isa = PBXFileReference; lastKnownFileType = sourcecode.swift; path = GameManager.swift; sourceTree = "<group>"; };
		2BEBE63720193B41008E8FEB /* InputManager.swift */ = {isa = PBXFileReference; lastKnownFileType = sourcecode.swift; path = InputManager.swift; sourceTree = "<group>"; };
		2BEBE63920193B5E008E8FEB /* Transform.swift */ = {isa = PBXFileReference; lastKnownFileType = sourcecode.swift; path = Transform.swift; sourceTree = "<group>"; };
		2BEBE63B20193E16008E8FEB /* MinionSpawner.swift */ = {isa = PBXFileReference; lastKnownFileType = sourcecode.swift; path = MinionSpawner.swift; sourceTree = "<group>"; };
		2BEBE63D20193E53008E8FEB /* Tower.swift */ = {isa = PBXFileReference; lastKnownFileType = sourcecode.swift; path = Tower.swift; sourceTree = "<group>"; };
		2BEBE63F20193E68008E8FEB /* VisualObject.swift */ = {isa = PBXFileReference; lastKnownFileType = sourcecode.swift; path = VisualObject.swift; sourceTree = "<group>"; };
		2BEBE64120193E96008E8FEB /* RenderObject.swift */ = {isa = PBXFileReference; lastKnownFileType = sourcecode.swift; path = RenderObject.swift; sourceTree = "<group>"; };
		2BEBE64320193F0A008E8FEB /* Tile.swift */ = {isa = PBXFileReference; lastKnownFileType = sourcecode.swift; path = Tile.swift; sourceTree = "<group>"; };
		2BEBE64520193F1D008E8FEB /* Map.swift */ = {isa = PBXFileReference; lastKnownFileType = sourcecode.swift; path = Map.swift; sourceTree = "<group>"; };
		2BEBE64720193FF5008E8FEB /* Material.swift */ = {isa = PBXFileReference; lastKnownFileType = sourcecode.swift; path = Material.swift; sourceTree = "<group>"; };
		2BEBE649201940C6008E8FEB /* FlatColorMaterial.swift */ = {isa = PBXFileReference; lastKnownFileType = sourcecode.swift; path = FlatColorMaterial.swift; sourceTree = "<group>"; };
		2BEBE64B20194134008E8FEB /* Farm.swift */ = {isa = PBXFileReference; lastKnownFileType = sourcecode.swift; path = Farm.swift; sourceTree = "<group>"; };
		2BEBE64D2019413F008E8FEB /* LambertMaterial.swift */ = {isa = PBXFileReference; lastKnownFileType = sourcecode.swift; path = LambertMaterial.swift; sourceTree = "<group>"; };
		2BEBE64F2019415A008E8FEB /* Vertex.swift */ = {isa = PBXFileReference; lastKnownFileType = sourcecode.swift; path = Vertex.swift; sourceTree = "<group>"; };
		2BEBE6512019416C008E8FEB /* Color.swift */ = {isa = PBXFileReference; lastKnownFileType = sourcecode.swift; path = Color.swift; sourceTree = "<group>"; };
		2BEBE656201942F4008E8FEB /* ExplodeTower.swift */ = {isa = PBXFileReference; lastKnownFileType = sourcecode.swift; path = ExplodeTower.swift; sourceTree = "<group>"; };
		2BEBE65820194304008E8FEB /* CannonTower.swift */ = {isa = PBXFileReference; lastKnownFileType = sourcecode.swift; path = CannonTower.swift; sourceTree = "<group>"; };
		2BEBE65A20194313008E8FEB /* SlowTower.swift */ = {isa = PBXFileReference; lastKnownFileType = sourcecode.swift; path = SlowTower.swift; sourceTree = "<group>"; };
		2BEBE65C2019431F008E8FEB /* LaserTower.swift */ = {isa = PBXFileReference; lastKnownFileType = sourcecode.swift; path = LaserTower.swift; sourceTree = "<group>"; };
		2BEBE65F2019433E008E8FEB /* Minion.swift */ = {isa = PBXFileReference; lastKnownFileType = sourcecode.swift; path = Minion.swift; sourceTree = "<group>"; };
		2BEBE6612019436D008E8FEB /* NonAggro.swift */ = {isa = PBXFileReference; lastKnownFileType = sourcecode.swift; path = NonAggro.swift; sourceTree = "<group>"; };
		2BEBE66320194382008E8FEB /* Aggro.swift */ = {isa = PBXFileReference; lastKnownFileType = sourcecode.swift; path = Aggro.swift; sourceTree = "<group>"; };
		2BEBE666201943B1008E8FEB /* Mine.swift */ = {isa = PBXFileReference; lastKnownFileType = sourcecode.swift; path = Mine.swift; sourceTree = "<group>"; };
		2BEBE668201943BE008E8FEB /* SawMill.swift */ = {isa = PBXFileReference; lastKnownFileType = sourcecode.swift; path = SawMill.swift; sourceTree = "<group>"; };
		3C01A273202262CD00BB0D7C /* StateMachine.swift */ = {isa = PBXFileReference; fileEncoding = 4; lastKnownFileType = sourcecode.swift; path = StateMachine.swift; sourceTree = "<group>"; };
		3C01A274202262CD00BB0D7C /* State.swift */ = {isa = PBXFileReference; fileEncoding = 4; lastKnownFileType = sourcecode.swift; path = State.swift; sourceTree = "<group>"; };
		3C01A275202262CD00BB0D7C /* IntroState.swift */ = {isa = PBXFileReference; fileEncoding = 4; lastKnownFileType = sourcecode.swift; path = IntroState.swift; sourceTree = "<group>"; };
		3C01A278202262CE00BB0D7C /* PlayState.swift */ = {isa = PBXFileReference; fileEncoding = 4; lastKnownFileType = sourcecode.swift; path = PlayState.swift; sourceTree = "<group>"; };
		3C01A27C202267D800BB0D7C /* Stack.swift */ = {isa = PBXFileReference; lastKnownFileType = sourcecode.swift; path = Stack.swift; sourceTree = "<group>"; };
		DE3A3B9920356B1D002E34FB /* CubePrefab.swift */ = {isa = PBXFileReference; lastKnownFileType = sourcecode.swift; path = CubePrefab.swift; sourceTree = "<group>"; };
		DE5977EC20324E3000E52927 /* LambertVertexShader.glsl */ = {isa = PBXFileReference; fileEncoding = 4; lastKnownFileType = text; path = LambertVertexShader.glsl; sourceTree = "<group>"; };
		DE5977ED20324E3000E52927 /* LambertFragmentShader.glsl */ = {isa = PBXFileReference; fileEncoding = 4; lastKnownFileType = text; path = LambertFragmentShader.glsl; sourceTree = "<group>"; };
		DE5B930D20195424001B9D83 /* SimpleFragmentShader.glsl */ = {isa = PBXFileReference; fileEncoding = 4; lastKnownFileType = text; path = SimpleFragmentShader.glsl; sourceTree = "<group>"; };
		DE5B930F2019558B001B9D83 /* ShaderProgram.swift */ = {isa = PBXFileReference; lastKnownFileType = sourcecode.swift; path = ShaderProgram.swift; sourceTree = "<group>"; };
		DEB2DA14201BD9810088797D /* GlkExtensions.swift */ = {isa = PBXFileReference; lastKnownFileType = sourcecode.swift; path = GlkExtensions.swift; sourceTree = "<group>"; };
		DEC217B72034F05900F11022 /* VertexData.swift */ = {isa = PBXFileReference; lastKnownFileType = sourcecode.swift; path = VertexData.swift; sourceTree = "<group>"; };
		DEC217B92035321400F11022 /* PhongFragmentShader.glsl */ = {isa = PBXFileReference; fileEncoding = 4; lastKnownFileType = text; path = PhongFragmentShader.glsl; sourceTree = "<group>"; };
		DEC217BA2035321400F11022 /* PhongVertexShader.glsl */ = {isa = PBXFileReference; fileEncoding = 4; lastKnownFileType = text; path = PhongVertexShader.glsl; sourceTree = "<group>"; };
		DEC217BD2035335A00F11022 /* DebugData.swift */ = {isa = PBXFileReference; lastKnownFileType = sourcecode.swift; path = DebugData.swift; sourceTree = "<group>"; };
		DEC217BF2035347E00F11022 /* PhongMaterial.swift */ = {isa = PBXFileReference; lastKnownFileType = sourcecode.swift; path = PhongMaterial.swift; sourceTree = "<group>"; };
		DEC217C12035412000F11022 /* dungeon_01.png */ = {isa = PBXFileReference; lastKnownFileType = image.png; path = dungeon_01.png; sourceTree = "<group>"; };
		DEC217C42035434600F11022 /* Rendering Instructions.rtf */ = {isa = PBXFileReference; lastKnownFileType = text.rtf; path = "Rendering Instructions.rtf"; sourceTree = "<group>"; };
		DEE4473A2019530E009044FB /* SimpleVertexShader.glsl */ = {isa = PBXFileReference; lastKnownFileType = text; path = SimpleVertexShader.glsl; sourceTree = "<group>"; };
/* End PBXFileReference section */

/* Begin PBXFrameworksBuildPhase section */
		2BB2AD6820193318004565D4 /* Frameworks */ = {
			isa = PBXFrameworksBuildPhase;
			buildActionMask = 2147483647;
			files = (
			);
			runOnlyForDeploymentPostprocessing = 0;
		};
		2BB2AD7C20193318004565D4 /* Frameworks */ = {
			isa = PBXFrameworksBuildPhase;
			buildActionMask = 2147483647;
			files = (
			);
			runOnlyForDeploymentPostprocessing = 0;
		};
		2BB2AD8720193318004565D4 /* Frameworks */ = {
			isa = PBXFrameworksBuildPhase;
			buildActionMask = 2147483647;
			files = (
			);
			runOnlyForDeploymentPostprocessing = 0;
		};
/* End PBXFrameworksBuildPhase section */

/* Begin PBXGroup section */
		2BB2AD6220193318004565D4 = {
			isa = PBXGroup;
			children = (
				2BB2AD6D20193318004565D4 /* TowerVille */,
				2BB2AD8220193318004565D4 /* TowerVilleTests */,
				2BB2AD8D20193318004565D4 /* TowerVilleUITests */,
				2BB2AD6C20193318004565D4 /* Products */,
			);
			sourceTree = "<group>";
		};
		2BB2AD6C20193318004565D4 /* Products */ = {
			isa = PBXGroup;
			children = (
				2BB2AD6B20193318004565D4 /* TowerVille.app */,
				2BB2AD7F20193318004565D4 /* TowerVilleTests.xctest */,
				2BB2AD8A20193318004565D4 /* TowerVilleUITests.xctest */,
			);
			name = Products;
			sourceTree = "<group>";
		};
		2BB2AD6D20193318004565D4 /* TowerVille */ = {
			isa = PBXGroup;
			children = (
				DEC217C32035432E00F11022 /* Documentation */,
				DEC217C12035412000F11022 /* dungeon_01.png */,
				DEE44739201952CA009044FB /* Shaders */,
				2BEBE630201938E8008E8FEB /* GameEngine */,
				2BEBE62F201938DE008E8FEB /* Rendering */,
				2BB2AD6E20193318004565D4 /* AppDelegate.swift */,
				2BB2AD7020193318004565D4 /* ViewController.swift */,
				2BB2AD7220193318004565D4 /* Main.storyboard */,
				2BB2AD7520193318004565D4 /* Assets.xcassets */,
				2BB2AD7720193318004565D4 /* LaunchScreen.storyboard */,
				2BB2AD7A20193318004565D4 /* Info.plist */,
			);
			path = TowerVille;
			sourceTree = "<group>";
		};
		2BB2AD8220193318004565D4 /* TowerVilleTests */ = {
			isa = PBXGroup;
			children = (
				2BB2AD8320193318004565D4 /* TowerVilleTests.swift */,
				2BB2AD8520193318004565D4 /* Info.plist */,
			);
			path = TowerVilleTests;
			sourceTree = "<group>";
		};
		2BB2AD8D20193318004565D4 /* TowerVilleUITests */ = {
			isa = PBXGroup;
			children = (
				2BB2AD8E20193318004565D4 /* TowerVilleUITests.swift */,
				2BB2AD9020193318004565D4 /* Info.plist */,
			);
			path = TowerVilleUITests;
			sourceTree = "<group>";
		};
		2BEBE62F201938DE008E8FEB /* Rendering */ = {
			isa = PBXGroup;
			children = (
				DE3A3B9920356B1D002E34FB /* CubePrefab.swift */,
				2BEBE64120193E96008E8FEB /* RenderObject.swift */,
				2BEBE64720193FF5008E8FEB /* Material.swift */,
				2BEBE649201940C6008E8FEB /* FlatColorMaterial.swift */,
				2BEBE64D2019413F008E8FEB /* LambertMaterial.swift */,
				DE5B930F2019558B001B9D83 /* ShaderProgram.swift */,
				DEB2DA14201BD9810088797D /* GlkExtensions.swift */,
				DEC217BD2035335A00F11022 /* DebugData.swift */,
				DEC217BF2035347E00F11022 /* PhongMaterial.swift */,
			);
			path = Rendering;
			sourceTree = "<group>";
		};
		2BEBE630201938E8008E8FEB /* GameEngine */ = {
			isa = PBXGroup;
			children = (
				3C01A27C202267D800BB0D7C /* Stack.swift */,
				3C01A2712022621A00BB0D7C /* StateMachine */,
				2BEBE665201943A5008E8FEB /* Farm */,
				2BEBE65E20194334008E8FEB /* NPC */,
				2BEBE655201942DC008E8FEB /* Towers */,
				2BEBE631201938F4008E8FEB /* GameObject.swift */,
				2BEBE63F20193E68008E8FEB /* VisualObject.swift */,
				2BEBE63520193A5B008E8FEB /* GameManager.swift */,
				2BEBE63720193B41008E8FEB /* InputManager.swift */,
				2BEBE63920193B5E008E8FEB /* Transform.swift */,
				2BEBE63B20193E16008E8FEB /* MinionSpawner.swift */,
				2BEBE64320193F0A008E8FEB /* Tile.swift */,
				2BEBE64520193F1D008E8FEB /* Map.swift */,
				2BEBE64F2019415A008E8FEB /* Vertex.swift */,
				2BEBE6512019416C008E8FEB /* Color.swift */,
				DEC217B72034F05900F11022 /* VertexData.swift */,
			);
			path = GameEngine;
			sourceTree = "<group>";
		};
		2BEBE655201942DC008E8FEB /* Towers */ = {
			isa = PBXGroup;
			children = (
				2BEBE63D20193E53008E8FEB /* Tower.swift */,
				2BEBE656201942F4008E8FEB /* ExplodeTower.swift */,
				2BEBE65820194304008E8FEB /* CannonTower.swift */,
				2BEBE65A20194313008E8FEB /* SlowTower.swift */,
				2BEBE65C2019431F008E8FEB /* LaserTower.swift */,
			);
			path = Towers;
			sourceTree = "<group>";
		};
		2BEBE65E20194334008E8FEB /* NPC */ = {
			isa = PBXGroup;
			children = (
				2BEBE65F2019433E008E8FEB /* Minion.swift */,
				2BEBE6612019436D008E8FEB /* NonAggro.swift */,
				2BEBE66320194382008E8FEB /* Aggro.swift */,
			);
			path = NPC;
			sourceTree = "<group>";
		};
		2BEBE665201943A5008E8FEB /* Farm */ = {
			isa = PBXGroup;
			children = (
				2BEBE64B20194134008E8FEB /* Farm.swift */,
				2BEBE666201943B1008E8FEB /* Mine.swift */,
				2BEBE668201943BE008E8FEB /* SawMill.swift */,
			);
			path = Farm;
			sourceTree = "<group>";
		};
		3C01A2712022621A00BB0D7C /* StateMachine */ = {
			isa = PBXGroup;
			children = (
				3C01A275202262CD00BB0D7C /* IntroState.swift */,
				3C01A278202262CE00BB0D7C /* PlayState.swift */,
				3C01A274202262CD00BB0D7C /* State.swift */,
				3C01A273202262CD00BB0D7C /* StateMachine.swift */,
			);
			path = StateMachine;
			sourceTree = "<group>";
		};
		DEC217C32035432E00F11022 /* Documentation */ = {
			isa = PBXGroup;
			children = (
				DEC217C42035434600F11022 /* Rendering Instructions.rtf */,
			);
			path = Documentation;
			sourceTree = "<group>";
		};
		DEE44739201952CA009044FB /* Shaders */ = {
			isa = PBXGroup;
			children = (
				DEC217B92035321400F11022 /* PhongFragmentShader.glsl */,
				DEC217BA2035321400F11022 /* PhongVertexShader.glsl */,
				DE5977ED20324E3000E52927 /* LambertFragmentShader.glsl */,
				DE5977EC20324E3000E52927 /* LambertVertexShader.glsl */,
				DEE4473A2019530E009044FB /* SimpleVertexShader.glsl */,
				DE5B930D20195424001B9D83 /* SimpleFragmentShader.glsl */,
			);
			path = Shaders;
			sourceTree = "<group>";
		};
/* End PBXGroup section */

/* Begin PBXNativeTarget section */
		2BB2AD6A20193318004565D4 /* TowerVille */ = {
			isa = PBXNativeTarget;
			buildConfigurationList = 2BB2AD9320193318004565D4 /* Build configuration list for PBXNativeTarget "TowerVille" */;
			buildPhases = (
				2BB2AD6720193318004565D4 /* Sources */,
				2BB2AD6820193318004565D4 /* Frameworks */,
				2BB2AD6920193318004565D4 /* Resources */,
			);
			buildRules = (
			);
			dependencies = (
			);
			name = TowerVille;
			productName = TowerVille;
			productReference = 2BB2AD6B20193318004565D4 /* TowerVille.app */;
			productType = "com.apple.product-type.application";
		};
		2BB2AD7E20193318004565D4 /* TowerVilleTests */ = {
			isa = PBXNativeTarget;
			buildConfigurationList = 2BB2AD9620193318004565D4 /* Build configuration list for PBXNativeTarget "TowerVilleTests" */;
			buildPhases = (
				2BB2AD7B20193318004565D4 /* Sources */,
				2BB2AD7C20193318004565D4 /* Frameworks */,
				2BB2AD7D20193318004565D4 /* Resources */,
			);
			buildRules = (
			);
			dependencies = (
				2BB2AD8120193318004565D4 /* PBXTargetDependency */,
			);
			name = TowerVilleTests;
			productName = TowerVilleTests;
			productReference = 2BB2AD7F20193318004565D4 /* TowerVilleTests.xctest */;
			productType = "com.apple.product-type.bundle.unit-test";
		};
		2BB2AD8920193318004565D4 /* TowerVilleUITests */ = {
			isa = PBXNativeTarget;
			buildConfigurationList = 2BB2AD9920193318004565D4 /* Build configuration list for PBXNativeTarget "TowerVilleUITests" */;
			buildPhases = (
				2BB2AD8620193318004565D4 /* Sources */,
				2BB2AD8720193318004565D4 /* Frameworks */,
				2BB2AD8820193318004565D4 /* Resources */,
			);
			buildRules = (
			);
			dependencies = (
				2BB2AD8C20193318004565D4 /* PBXTargetDependency */,
			);
			name = TowerVilleUITests;
			productName = TowerVilleUITests;
			productReference = 2BB2AD8A20193318004565D4 /* TowerVilleUITests.xctest */;
			productType = "com.apple.product-type.bundle.ui-testing";
		};
/* End PBXNativeTarget section */

/* Begin PBXProject section */
		2BB2AD6320193318004565D4 /* Project object */ = {
			isa = PBXProject;
			attributes = {
				LastSwiftUpdateCheck = 0910;
				LastUpgradeCheck = 0910;
				ORGANIZATIONNAME = "The-Fighting-Mongeese";
				TargetAttributes = {
					2BB2AD6A20193318004565D4 = {
						CreatedOnToolsVersion = 9.1;
						LastSwiftMigration = 0920;
						ProvisioningStyle = Automatic;
					};
					2BB2AD7E20193318004565D4 = {
						CreatedOnToolsVersion = 9.1;
						ProvisioningStyle = Automatic;
						TestTargetID = 2BB2AD6A20193318004565D4;
					};
					2BB2AD8920193318004565D4 = {
						CreatedOnToolsVersion = 9.1;
						ProvisioningStyle = Automatic;
						TestTargetID = 2BB2AD6A20193318004565D4;
					};
				};
			};
			buildConfigurationList = 2BB2AD6620193318004565D4 /* Build configuration list for PBXProject "TowerVille" */;
			compatibilityVersion = "Xcode 8.0";
			developmentRegion = en;
			hasScannedForEncodings = 0;
			knownRegions = (
				en,
				Base,
			);
			mainGroup = 2BB2AD6220193318004565D4;
			productRefGroup = 2BB2AD6C20193318004565D4 /* Products */;
			projectDirPath = "";
			projectRoot = "";
			targets = (
				2BB2AD6A20193318004565D4 /* TowerVille */,
				2BB2AD7E20193318004565D4 /* TowerVilleTests */,
				2BB2AD8920193318004565D4 /* TowerVilleUITests */,
			);
		};
/* End PBXProject section */

/* Begin PBXResourcesBuildPhase section */
		2BB2AD6920193318004565D4 /* Resources */ = {
			isa = PBXResourcesBuildPhase;
			buildActionMask = 2147483647;
			files = (
				2BB2AD7920193318004565D4 /* LaunchScreen.storyboard in Resources */,
				DE5977EE20324E3000E52927 /* LambertVertexShader.glsl in Resources */,
				2BB2AD7620193318004565D4 /* Assets.xcassets in Resources */,
				DEC217BC2035321400F11022 /* PhongVertexShader.glsl in Resources */,
				2BB2AD7420193318004565D4 /* Main.storyboard in Resources */,
				DEC217C52035434600F11022 /* Rendering Instructions.rtf in Resources */,
				DEC217C22035412100F11022 /* dungeon_01.png in Resources */,
				DE5B930E20195424001B9D83 /* SimpleFragmentShader.glsl in Resources */,
				DEE4473B2019530E009044FB /* SimpleVertexShader.glsl in Resources */,
				DE5977EF20324E3000E52927 /* LambertFragmentShader.glsl in Resources */,
				DEC217BB2035321400F11022 /* PhongFragmentShader.glsl in Resources */,
			);
			runOnlyForDeploymentPostprocessing = 0;
		};
		2BB2AD7D20193318004565D4 /* Resources */ = {
			isa = PBXResourcesBuildPhase;
			buildActionMask = 2147483647;
			files = (
			);
			runOnlyForDeploymentPostprocessing = 0;
		};
		2BB2AD8820193318004565D4 /* Resources */ = {
			isa = PBXResourcesBuildPhase;
			buildActionMask = 2147483647;
			files = (
			);
			runOnlyForDeploymentPostprocessing = 0;
		};
/* End PBXResourcesBuildPhase section */

/* Begin PBXSourcesBuildPhase section */
		2BB2AD6720193318004565D4 /* Sources */ = {
			isa = PBXSourcesBuildPhase;
			buildActionMask = 2147483647;
			files = (
				2BEBE6502019415A008E8FEB /* Vertex.swift in Sources */,
				3C01A27B202262CE00BB0D7C /* PlayState.swift in Sources */,
				2BEBE64820193FF5008E8FEB /* Material.swift in Sources */,
				2BEBE64220193E96008E8FEB /* RenderObject.swift in Sources */,
				2BEBE63C20193E16008E8FEB /* MinionSpawner.swift in Sources */,
				2BEBE6622019436D008E8FEB /* NonAggro.swift in Sources */,
				2BEBE65B20194313008E8FEB /* SlowTower.swift in Sources */,
				3C01A27E20226BE200BB0D7C /* State.swift in Sources */,
				2BEBE63820193B41008E8FEB /* InputManager.swift in Sources */,
				3C01A27A202262CE00BB0D7C /* IntroState.swift in Sources */,
				2BB2AD7120193318004565D4 /* ViewController.swift in Sources */,
				2BEBE667201943B1008E8FEB /* Mine.swift in Sources */,
				2BEBE64020193E68008E8FEB /* VisualObject.swift in Sources */,
				2BEBE657201942F4008E8FEB /* ExplodeTower.swift in Sources */,
				2BEBE66420194382008E8FEB /* Aggro.swift in Sources */,
				DE5B93102019558B001B9D83 /* ShaderProgram.swift in Sources */,
				2BEBE64C20194134008E8FEB /* Farm.swift in Sources */,
				2BEBE63620193A5B008E8FEB /* GameManager.swift in Sources */,
				2BB2AD6F20193318004565D4 /* AppDelegate.swift in Sources */,
				DEB2DA15201BD9810088797D /* GlkExtensions.swift in Sources */,
				2BEBE64E2019413F008E8FEB /* LambertMaterial.swift in Sources */,
				2BEBE63A20193B5E008E8FEB /* Transform.swift in Sources */,
				2BEBE669201943BE008E8FEB /* SawMill.swift in Sources */,
				2BEBE632201938F4008E8FEB /* GameObject.swift in Sources */,
				2BEBE6602019433E008E8FEB /* Minion.swift in Sources */,
				DEC217C02035347E00F11022 /* PhongMaterial.swift in Sources */,
				2BEBE65D2019431F008E8FEB /* LaserTower.swift in Sources */,
				2BEBE64420193F0A008E8FEB /* Tile.swift in Sources */,
				3C01A27D202267D800BB0D7C /* Stack.swift in Sources */,
				2BEBE64620193F1D008E8FEB /* Map.swift in Sources */,
				3C01A279202262CE00BB0D7C /* StateMachine.swift in Sources */,
				DEC217BE2035335A00F11022 /* DebugData.swift in Sources */,
				2BEBE63E20193E53008E8FEB /* Tower.swift in Sources */,
				2BEBE65920194304008E8FEB /* CannonTower.swift in Sources */,
				2BEBE6522019416C008E8FEB /* Color.swift in Sources */,
				DE3A3B9A20356B1D002E34FB /* CubePrefab.swift in Sources */,
				DEC217B82034F05900F11022 /* VertexData.swift in Sources */,
			);
			runOnlyForDeploymentPostprocessing = 0;
		};
		2BB2AD7B20193318004565D4 /* Sources */ = {
			isa = PBXSourcesBuildPhase;
			buildActionMask = 2147483647;
			files = (
				2BB2AD8420193318004565D4 /* TowerVilleTests.swift in Sources */,
			);
			runOnlyForDeploymentPostprocessing = 0;
		};
		2BB2AD8620193318004565D4 /* Sources */ = {
			isa = PBXSourcesBuildPhase;
			buildActionMask = 2147483647;
			files = (
				2BB2AD8F20193318004565D4 /* TowerVilleUITests.swift in Sources */,
			);
			runOnlyForDeploymentPostprocessing = 0;
		};
/* End PBXSourcesBuildPhase section */

/* Begin PBXTargetDependency section */
		2BB2AD8120193318004565D4 /* PBXTargetDependency */ = {
			isa = PBXTargetDependency;
			target = 2BB2AD6A20193318004565D4 /* TowerVille */;
			targetProxy = 2BB2AD8020193318004565D4 /* PBXContainerItemProxy */;
		};
		2BB2AD8C20193318004565D4 /* PBXTargetDependency */ = {
			isa = PBXTargetDependency;
			target = 2BB2AD6A20193318004565D4 /* TowerVille */;
			targetProxy = 2BB2AD8B20193318004565D4 /* PBXContainerItemProxy */;
		};
/* End PBXTargetDependency section */

/* Begin PBXVariantGroup section */
		2BB2AD7220193318004565D4 /* Main.storyboard */ = {
			isa = PBXVariantGroup;
			children = (
				2BB2AD7320193318004565D4 /* Base */,
			);
			name = Main.storyboard;
			sourceTree = "<group>";
		};
		2BB2AD7720193318004565D4 /* LaunchScreen.storyboard */ = {
			isa = PBXVariantGroup;
			children = (
				2BB2AD7820193318004565D4 /* Base */,
			);
			name = LaunchScreen.storyboard;
			sourceTree = "<group>";
		};
/* End PBXVariantGroup section */

/* Begin XCBuildConfiguration section */
		2BB2AD9120193318004565D4 /* Debug */ = {
			isa = XCBuildConfiguration;
			buildSettings = {
				ALWAYS_SEARCH_USER_PATHS = NO;
				CLANG_ANALYZER_NONNULL = YES;
				CLANG_ANALYZER_NUMBER_OBJECT_CONVERSION = YES_AGGRESSIVE;
				CLANG_CXX_LANGUAGE_STANDARD = "gnu++14";
				CLANG_CXX_LIBRARY = "libc++";
				CLANG_ENABLE_MODULES = YES;
				CLANG_ENABLE_OBJC_ARC = YES;
				CLANG_WARN_BLOCK_CAPTURE_AUTORELEASING = YES;
				CLANG_WARN_BOOL_CONVERSION = YES;
				CLANG_WARN_COMMA = YES;
				CLANG_WARN_CONSTANT_CONVERSION = YES;
				CLANG_WARN_DIRECT_OBJC_ISA_USAGE = YES_ERROR;
				CLANG_WARN_DOCUMENTATION_COMMENTS = YES;
				CLANG_WARN_EMPTY_BODY = YES;
				CLANG_WARN_ENUM_CONVERSION = YES;
				CLANG_WARN_INFINITE_RECURSION = YES;
				CLANG_WARN_INT_CONVERSION = YES;
				CLANG_WARN_NON_LITERAL_NULL_CONVERSION = YES;
				CLANG_WARN_OBJC_LITERAL_CONVERSION = YES;
				CLANG_WARN_OBJC_ROOT_CLASS = YES_ERROR;
				CLANG_WARN_RANGE_LOOP_ANALYSIS = YES;
				CLANG_WARN_STRICT_PROTOTYPES = YES;
				CLANG_WARN_SUSPICIOUS_MOVE = YES;
				CLANG_WARN_UNGUARDED_AVAILABILITY = YES_AGGRESSIVE;
				CLANG_WARN_UNREACHABLE_CODE = YES;
				CLANG_WARN__DUPLICATE_METHOD_MATCH = YES;
				CODE_SIGN_IDENTITY = "iPhone Developer";
				COPY_PHASE_STRIP = NO;
				DEBUG_INFORMATION_FORMAT = dwarf;
				ENABLE_STRICT_OBJC_MSGSEND = YES;
				ENABLE_TESTABILITY = YES;
				GCC_C_LANGUAGE_STANDARD = gnu11;
				GCC_DYNAMIC_NO_PIC = NO;
				GCC_NO_COMMON_BLOCKS = YES;
				GCC_OPTIMIZATION_LEVEL = 0;
				GCC_PREPROCESSOR_DEFINITIONS = (
					"DEBUG=1",
					"$(inherited)",
				);
				GCC_WARN_64_TO_32_BIT_CONVERSION = YES;
				GCC_WARN_ABOUT_RETURN_TYPE = YES_ERROR;
				GCC_WARN_UNDECLARED_SELECTOR = YES;
				GCC_WARN_UNINITIALIZED_AUTOS = YES_AGGRESSIVE;
				GCC_WARN_UNUSED_FUNCTION = YES;
				GCC_WARN_UNUSED_VARIABLE = YES;
				IPHONEOS_DEPLOYMENT_TARGET = 11.1;
				MTL_ENABLE_DEBUG_INFO = YES;
				ONLY_ACTIVE_ARCH = YES;
				SDKROOT = iphoneos;
				SWIFT_ACTIVE_COMPILATION_CONDITIONS = DEBUG;
				SWIFT_OPTIMIZATION_LEVEL = "-Onone";
			};
			name = Debug;
		};
		2BB2AD9220193318004565D4 /* Release */ = {
			isa = XCBuildConfiguration;
			buildSettings = {
				ALWAYS_SEARCH_USER_PATHS = NO;
				CLANG_ANALYZER_NONNULL = YES;
				CLANG_ANALYZER_NUMBER_OBJECT_CONVERSION = YES_AGGRESSIVE;
				CLANG_CXX_LANGUAGE_STANDARD = "gnu++14";
				CLANG_CXX_LIBRARY = "libc++";
				CLANG_ENABLE_MODULES = YES;
				CLANG_ENABLE_OBJC_ARC = YES;
				CLANG_WARN_BLOCK_CAPTURE_AUTORELEASING = YES;
				CLANG_WARN_BOOL_CONVERSION = YES;
				CLANG_WARN_COMMA = YES;
				CLANG_WARN_CONSTANT_CONVERSION = YES;
				CLANG_WARN_DIRECT_OBJC_ISA_USAGE = YES_ERROR;
				CLANG_WARN_DOCUMENTATION_COMMENTS = YES;
				CLANG_WARN_EMPTY_BODY = YES;
				CLANG_WARN_ENUM_CONVERSION = YES;
				CLANG_WARN_INFINITE_RECURSION = YES;
				CLANG_WARN_INT_CONVERSION = YES;
				CLANG_WARN_NON_LITERAL_NULL_CONVERSION = YES;
				CLANG_WARN_OBJC_LITERAL_CONVERSION = YES;
				CLANG_WARN_OBJC_ROOT_CLASS = YES_ERROR;
				CLANG_WARN_RANGE_LOOP_ANALYSIS = YES;
				CLANG_WARN_STRICT_PROTOTYPES = YES;
				CLANG_WARN_SUSPICIOUS_MOVE = YES;
				CLANG_WARN_UNGUARDED_AVAILABILITY = YES_AGGRESSIVE;
				CLANG_WARN_UNREACHABLE_CODE = YES;
				CLANG_WARN__DUPLICATE_METHOD_MATCH = YES;
				CODE_SIGN_IDENTITY = "iPhone Developer";
				COPY_PHASE_STRIP = NO;
				DEBUG_INFORMATION_FORMAT = "dwarf-with-dsym";
				ENABLE_NS_ASSERTIONS = NO;
				ENABLE_STRICT_OBJC_MSGSEND = YES;
				GCC_C_LANGUAGE_STANDARD = gnu11;
				GCC_NO_COMMON_BLOCKS = YES;
				GCC_WARN_64_TO_32_BIT_CONVERSION = YES;
				GCC_WARN_ABOUT_RETURN_TYPE = YES_ERROR;
				GCC_WARN_UNDECLARED_SELECTOR = YES;
				GCC_WARN_UNINITIALIZED_AUTOS = YES_AGGRESSIVE;
				GCC_WARN_UNUSED_FUNCTION = YES;
				GCC_WARN_UNUSED_VARIABLE = YES;
				IPHONEOS_DEPLOYMENT_TARGET = 11.1;
				MTL_ENABLE_DEBUG_INFO = NO;
				SDKROOT = iphoneos;
				SWIFT_OPTIMIZATION_LEVEL = "-Owholemodule";
				VALIDATE_PRODUCT = YES;
			};
			name = Release;
		};
		2BB2AD9420193318004565D4 /* Debug */ = {
			isa = XCBuildConfiguration;
			buildSettings = {
				ASSETCATALOG_COMPILER_APPICON_NAME = AppIcon;
				CLANG_ENABLE_MODULES = YES;
				CODE_SIGN_STYLE = Automatic;
				DEVELOPMENT_TEAM = ZGXQ9QPG4P;
				INFOPLIST_FILE = TowerVille/Info.plist;
				IPHONEOS_DEPLOYMENT_TARGET = 9.0;
				LD_RUNPATH_SEARCH_PATHS = "$(inherited) @executable_path/Frameworks";
				PRODUCT_BUNDLE_IDENTIFIER = "The-Fighting-Mongeese.TowerVille";
				PRODUCT_NAME = "$(TARGET_NAME)";
				SWIFT_OPTIMIZATION_LEVEL = "-Onone";
				SWIFT_VERSION = 4.0;
				TARGETED_DEVICE_FAMILY = "1,2";
			};
			name = Debug;
		};
		2BB2AD9520193318004565D4 /* Release */ = {
			isa = XCBuildConfiguration;
			buildSettings = {
				ASSETCATALOG_COMPILER_APPICON_NAME = AppIcon;
				CLANG_ENABLE_MODULES = YES;
				CODE_SIGN_STYLE = Automatic;
				DEVELOPMENT_TEAM = ZGXQ9QPG4P;
				INFOPLIST_FILE = TowerVille/Info.plist;
				IPHONEOS_DEPLOYMENT_TARGET = 9.0;
				LD_RUNPATH_SEARCH_PATHS = "$(inherited) @executable_path/Frameworks";
				PRODUCT_BUNDLE_IDENTIFIER = "The-Fighting-Mongeese.TowerVille";
				PRODUCT_NAME = "$(TARGET_NAME)";
				SWIFT_VERSION = 4.0;
				TARGETED_DEVICE_FAMILY = "1,2";
			};
			name = Release;
		};
		2BB2AD9720193318004565D4 /* Debug */ = {
			isa = XCBuildConfiguration;
			buildSettings = {
				ALWAYS_EMBED_SWIFT_STANDARD_LIBRARIES = YES;
				BUNDLE_LOADER = "$(TEST_HOST)";
				CODE_SIGN_STYLE = Automatic;
				INFOPLIST_FILE = TowerVilleTests/Info.plist;
				LD_RUNPATH_SEARCH_PATHS = "$(inherited) @executable_path/Frameworks @loader_path/Frameworks";
				PRODUCT_BUNDLE_IDENTIFIER = "The-Fighting-Mongeese.TowerVilleTests";
				PRODUCT_NAME = "$(TARGET_NAME)";
				SWIFT_VERSION = 4.0;
				TARGETED_DEVICE_FAMILY = "1,2";
				TEST_HOST = "$(BUILT_PRODUCTS_DIR)/TowerVille.app/TowerVille";
			};
			name = Debug;
		};
		2BB2AD9820193318004565D4 /* Release */ = {
			isa = XCBuildConfiguration;
			buildSettings = {
				ALWAYS_EMBED_SWIFT_STANDARD_LIBRARIES = YES;
				BUNDLE_LOADER = "$(TEST_HOST)";
				CODE_SIGN_STYLE = Automatic;
				INFOPLIST_FILE = TowerVilleTests/Info.plist;
				LD_RUNPATH_SEARCH_PATHS = "$(inherited) @executable_path/Frameworks @loader_path/Frameworks";
				PRODUCT_BUNDLE_IDENTIFIER = "The-Fighting-Mongeese.TowerVilleTests";
				PRODUCT_NAME = "$(TARGET_NAME)";
				SWIFT_VERSION = 4.0;
				TARGETED_DEVICE_FAMILY = "1,2";
				TEST_HOST = "$(BUILT_PRODUCTS_DIR)/TowerVille.app/TowerVille";
			};
			name = Release;
		};
		2BB2AD9A20193318004565D4 /* Debug */ = {
			isa = XCBuildConfiguration;
			buildSettings = {
				ALWAYS_EMBED_SWIFT_STANDARD_LIBRARIES = YES;
				CODE_SIGN_STYLE = Automatic;
				INFOPLIST_FILE = TowerVilleUITests/Info.plist;
				LD_RUNPATH_SEARCH_PATHS = "$(inherited) @executable_path/Frameworks @loader_path/Frameworks";
				PRODUCT_BUNDLE_IDENTIFIER = "The-Fighting-Mongeese.TowerVilleUITests";
				PRODUCT_NAME = "$(TARGET_NAME)";
				SWIFT_VERSION = 4.0;
				TARGETED_DEVICE_FAMILY = "1,2";
				TEST_TARGET_NAME = TowerVille;
			};
			name = Debug;
		};
		2BB2AD9B20193318004565D4 /* Release */ = {
			isa = XCBuildConfiguration;
			buildSettings = {
				ALWAYS_EMBED_SWIFT_STANDARD_LIBRARIES = YES;
				CODE_SIGN_STYLE = Automatic;
				INFOPLIST_FILE = TowerVilleUITests/Info.plist;
				LD_RUNPATH_SEARCH_PATHS = "$(inherited) @executable_path/Frameworks @loader_path/Frameworks";
				PRODUCT_BUNDLE_IDENTIFIER = "The-Fighting-Mongeese.TowerVilleUITests";
				PRODUCT_NAME = "$(TARGET_NAME)";
				SWIFT_VERSION = 4.0;
				TARGETED_DEVICE_FAMILY = "1,2";
				TEST_TARGET_NAME = TowerVille;
			};
			name = Release;
		};
/* End XCBuildConfiguration section */

/* Begin XCConfigurationList section */
		2BB2AD6620193318004565D4 /* Build configuration list for PBXProject "TowerVille" */ = {
			isa = XCConfigurationList;
			buildConfigurations = (
				2BB2AD9120193318004565D4 /* Debug */,
				2BB2AD9220193318004565D4 /* Release */,
			);
			defaultConfigurationIsVisible = 0;
			defaultConfigurationName = Release;
		};
		2BB2AD9320193318004565D4 /* Build configuration list for PBXNativeTarget "TowerVille" */ = {
			isa = XCConfigurationList;
			buildConfigurations = (
				2BB2AD9420193318004565D4 /* Debug */,
				2BB2AD9520193318004565D4 /* Release */,
			);
			defaultConfigurationIsVisible = 0;
			defaultConfigurationName = Release;
		};
		2BB2AD9620193318004565D4 /* Build configuration list for PBXNativeTarget "TowerVilleTests" */ = {
			isa = XCConfigurationList;
			buildConfigurations = (
				2BB2AD9720193318004565D4 /* Debug */,
				2BB2AD9820193318004565D4 /* Release */,
			);
			defaultConfigurationIsVisible = 0;
			defaultConfigurationName = Release;
		};
		2BB2AD9920193318004565D4 /* Build configuration list for PBXNativeTarget "TowerVilleUITests" */ = {
			isa = XCConfigurationList;
			buildConfigurations = (
				2BB2AD9A20193318004565D4 /* Debug */,
				2BB2AD9B20193318004565D4 /* Release */,
			);
			defaultConfigurationIsVisible = 0;
			defaultConfigurationName = Release;
		};
/* End XCConfigurationList section */
	};
	rootObject = 2BB2AD6320193318004565D4 /* Project object */;
}
